{
  "name": "hue-dash-switch",
  "version": "0.1.0",
  "lockfileVersion": 1,
  "dependencies": {
    "axios": {
      "version": "0.18.1"
    },
    "debug": {
      "version": "2.6.8"
    },
    "deep-extend": {
      "version": "0.4.2"
    },
    "dotenv": {
      "version": "4.0.0"
    },
    "follow-redirects": {
      "version": "1.0.0"
    },
    "lodash": {
      "version": ">=4.17.13"
    },
    "ms": {
      "version": "2.0.0"
    },
    "nan": {
      "version": "2.6.2"
    },
    "node-dash-button": {
      "version": "0.6.1"
    },
    "node-hue-api": {
      "version": "2.4.2"
    },
    "pcap": {
      "version": "git+https://github.com/mranney/node_pcap.git#d920204745c8b00ef4b7a3fe27d902b263cdb70f"
    },
    "q": {
      "version": "1.4.1"
    },
    "sax": {
      "version": "1.2.2"
    },
    "socketwatcher": {
      "version": "0.3.0"
    },
    "traits": {
      "version": "0.4.0"
    },
    "underscore": {
      "version": "1.8.3"
    },
    "xml2js": {
      "version": "0.4.17"
    },
    "xmlbuilder": {
      "version": "4.2.1"
    }
  }
}
