{
  "name": "hue-dash-switch",
  "version": "0.1.0",
  "lockfileVersion": 1,
  "dependencies": {
    "axios": {
      "version": "0.18.1",
      "resolved": "https://registry.npmjs.org/axios/-/axios-0.18.1.tgz"
    },
    "debug": {
      "version": "2.6.8",
      "resolved": "https://registry.npmjs.org/debug/-/debug-2.6.8.tgz",
      "integrity": "sha1-5zFTHKLt4n0YgiJCfaF4IdaP9Pw="
    },
    "deep-extend": {
      "version": "0.4.2",
      "resolved": "https://registry.npmjs.org/deep-extend/-/deep-extend-0.4.2.tgz",
      "integrity": "sha1-SLaZwn4zS/ifEIkr5DL25MfTSn8="
    },
    "dotenv": {
      "version": "4.0.0",
      "resolved": "https://registry.npmjs.org/dotenv/-/dotenv-4.0.0.tgz",
      "integrity": "sha1-hk7xN5rO1Vzm+V3r7NzhefegzR0="
    },
    "follow-redirects": {
      "version": "1.0.0",
      "resolved": "https://registry.npmjs.org/follow-redirects/-/follow-redirects-1.0.0.tgz",
      "integrity": "sha1-jjQpjL0uF28lTv/sdaHHjMhJ/Tc="
    },
    "lodash": {
      "version": ">=4.17.13"
    },
    "ms": {
      "version": "2.0.0",
      "resolved": "https://registry.npmjs.org/ms/-/ms-2.0.0.tgz",
      "integrity": "sha1-VgiurfwAvmwpAd9fmGF4jeDVl8g="
    },
    "nan": {
      "version": "2.6.2",
      "resolved": "https://registry.npmjs.org/nan/-/nan-2.6.2.tgz",
      "integrity": "sha1-5P805slf37WuzAjeZZb0NgWn20U="
    },
    "node-dash-button": {
      "version": "0.6.1",
      "resolved": "https://registry.npmjs.org/node-dash-button/-/node-dash-button-0.6.1.tgz",
      "integrity": "sha1-09pBAPnx82Yz2no867oqA8VPesY="
    },
    "node-hue-api": {
      "version": "2.4.2",
      "resolved": "https://registry.npmjs.org/node-hue-api/-/node-hue-api-2.4.2.tgz",
      "integrity": "sha1-9yGrpBWmxKjQtMKvCrNpOfCrXLc="
    },
    "pcap": {
      "version": "git+https://github.com/mranney/node_pcap.git#d920204745c8b00ef4b7a3fe27d902b263cdb70f"
    },
    "q": {
      "version": "1.4.1",
      "resolved": "https://registry.npmjs.org/q/-/q-1.4.1.tgz",
      "integrity": "sha1-VXBbzZPF82c1MMLCy8DCs63cKG4="
    },
    "sax": {
      "version": "1.2.2",
      "resolved": "https://registry.npmjs.org/sax/-/sax-1.2.2.tgz",
      "integrity": "sha1-/YYxojvHgmvvXYcb24c3jJVkeCg="
    },
    "socketwatcher": {
      "version": "0.3.0",
      "resolved": "https://registry.npmjs.org/socketwatcher/-/socketwatcher-0.3.0.tgz",
      "integrity": "sha1-SeVhQFj8qrGdZAs3QiWk7qS0t4o="
    },
    "traits": {
      "version": "0.4.0",
      "resolved": "https://registry.npmjs.org/traits/-/traits-0.4.0.tgz",
      "integrity": "sha1-QW7cq9yL9kvSkQKnRT3N3YVzcaE="
    },
    "underscore": {
      "version": "1.8.3",
      "resolved": "https://registry.npmjs.org/underscore/-/underscore-1.8.3.tgz",
      "integrity": "sha1-Tz+1OxBuYJf8+ctBCfKl6b36UCI="
    },
    "xml2js": {
      "version": "0.4.17",
      "resolved": "https://registry.npmjs.org/xml2js/-/xml2js-0.4.17.tgz",
      "integrity": "sha1-F76T6q4/O3eTWceVtBlwWogX6Gg="
    },
    "xmlbuilder": {
      "version": "4.2.1",
      "resolved": "https://registry.npmjs.org/xmlbuilder/-/xmlbuilder-4.2.1.tgz",
      "integrity": "sha1-qlijBBoGb5DqoWwvU4n/GfP0YaU="
    }
  }
}
